
Microsoft Visual Studio Solution File, Format Version 12.00
# Visual Studio Version 17
VisualStudioVersion = 17.14.36202.13 d17.14
MinimumVisualStudioVersion = 10.0.40219.1
Project("{FAE04EC0-301F-11D3-BF4B-00C04F79EFBC}") = "ConsoleApp2", "ConsoleApp2\ConsoleApp2.csproj", "{D13FB815-EAE3-4A1F-8941-069AF2EFB976}"
EndProject
Global
	GlobalSection(SolutionConfigurationPlatforms) = preSolution
		Debug|Any CPU = Debug|Any CPU
		Release|Any CPU = Release|Any CPU
	EndGlobalSection
	GlobalSection(ProjectConfigurationPlatforms) = postSolution
		{D13FB815-EAE3-4A1F-8941-069AF2EFB976}.Debug|Any CPU.ActiveCfg = Debug|Any CPU
		{D13FB815-EAE3-4A1F-8941-069AF2EFB976}.Debug|Any CPU.Build.0 = Debug|Any CPU
		{D13FB815-EAE3-4A1F-8941-069AF2EFB976}.Release|Any CPU.ActiveCfg = Release|Any CPU
		{D13FB815-EAE3-4A1F-8941-069AF2EFB976}.Release|Any CPU.Build.0 = Release|Any CPU
	EndGlobalSection
	GlobalSection(SolutionProperties) = preSolution
		HideSolutionNode = FALSE
	EndGlobalSection
	GlobalSection(ExtensibilityGlobals) = postSolution
		SolutionGuid = {5CC49270-6F05-4A1F-ABAD-C708F1EC3B95}
	EndGlobalSection
EndGlobal
